<Solution>
  <Folder Name="/benchmarks/">
    <Project Path="benchmarks/NKafka.Benchmarks/NKafka.Benchmarks.csproj" />
  </Folder>
  <Folder Name="/common/">
    <File Path=".editorconfig" />
    <File Path=".github/workflows/dotnet.yml" />
    <File Path="AGENTS.md" />
    <File Path="changelog.md" />
    <File Path="Directory.Build.props" />
    <File Path="Directory.Packages.props" />
    <File Path="LICENCE" />
    <File Path="logo.png" />
    <File Path="NKafka.sln.DotSettings" />
    <File Path="README.md" />
    <File Path="update_repo.ps1" />
    <File Path="update_repo.sh" />
  </Folder>
  <Folder Name="/docs/">
    <File Path="docs/for_developers.md" />
    <File Path="docs/index.md" />
    <File Path="docs/nkafka.md" />
  </Folder>
  <Folder Name="/docs/consumer/">
    <File Path="docs/consumer/index.md" />
  </Folder>
  <Folder Name="/docs/producer/">
    <File Path="docs/producer/index.md" />
  </Folder>
  <Folder Name="/infra/">
    <File Path="infra/.env" />
    <File Path="infra/docker-compose.big-cluster.yml" />
    <File Path="infra/docker-compose.kraft.sasl.yml" />
    <File Path="infra/docker-compose.simple.yml" />
    <File Path="infra/docker-compose.yml" />
    <File Path="infra/kafka_server_jaas.conf" />
    <File Path="infra/readme.md" />
  </Folder>
  <Folder Name="/infra/choco/">
    <File Path="infra/choco/install.ps1" />
  </Folder>
  <Folder Name="/resources/">
    <File Path="resources/message/AddOffsetsToTxnRequest.json" />
    <File Path="resources/message/AddOffsetsToTxnResponse.json" />
    <File Path="resources/message/AddPartitionsToTxnRequest.json" />
    <File Path="resources/message/AddPartitionsToTxnResponse.json" />
    <File Path="resources/message/AllocateProducerIdsRequest.json" />
    <File Path="resources/message/AllocateProducerIdsResponse.json" />
    <File Path="resources/message/AlterClientQuotasRequest.json" />
    <File Path="resources/message/AlterClientQuotasResponse.json" />
    <File Path="resources/message/AlterConfigsRequest.json" />
    <File Path="resources/message/AlterConfigsResponse.json" />
    <File Path="resources/message/AlterPartitionReassignmentsRequest.json" />
    <File Path="resources/message/AlterPartitionReassignmentsResponse.json" />
    <File Path="resources/message/AlterReplicaLogDirsRequest.json" />
    <File Path="resources/message/AlterReplicaLogDirsResponse.json" />
    <File Path="resources/message/AlterUserScramCredentialsRequest.json" />
    <File Path="resources/message/AlterUserScramCredentialsResponse.json" />
    <File Path="resources/message/ApiVersionsRequest.json" />
    <File Path="resources/message/ApiVersionsResponse.json" />
    <File Path="resources/message/BeginQuorumEpochRequest.json" />
    <File Path="resources/message/BeginQuorumEpochResponse.json" />
    <File Path="resources/message/BrokerHeartbeatRequest.json" />
    <File Path="resources/message/BrokerHeartbeatResponse.json" />
    <File Path="resources/message/BrokerRegistrationRequest.json" />
    <File Path="resources/message/BrokerRegistrationResponse.json" />
    <File Path="resources/message/ConsumerProtocolAssignment.json" />
    <File Path="resources/message/ConsumerProtocolSubscription.json" />
    <File Path="resources/message/ControlledShutdownRequest.json" />
    <File Path="resources/message/ControlledShutdownResponse.json" />
    <File Path="resources/message/CreateAclsRequest.json" />
    <File Path="resources/message/CreateAclsResponse.json" />
    <File Path="resources/message/CreateDelegationTokenRequest.json" />
    <File Path="resources/message/CreateDelegationTokenResponse.json" />
    <File Path="resources/message/CreatePartitionsRequest.json" />
    <File Path="resources/message/CreatePartitionsResponse.json" />
    <File Path="resources/message/CreateTopicsRequest.json" />
    <File Path="resources/message/CreateTopicsResponse.json" />
    <File Path="resources/message/DefaultPrincipalData.json" />
    <File Path="resources/message/DeleteAclsRequest.json" />
    <File Path="resources/message/DeleteAclsResponse.json" />
    <File Path="resources/message/DeleteGroupsRequest.json" />
    <File Path="resources/message/DeleteGroupsResponse.json" />
    <File Path="resources/message/DeleteRecordsRequest.json" />
    <File Path="resources/message/DeleteRecordsResponse.json" />
    <File Path="resources/message/DeleteTopicsRequest.json" />
    <File Path="resources/message/DeleteTopicsResponse.json" />
    <File Path="resources/message/DescribeAclsRequest.json" />
    <File Path="resources/message/DescribeAclsResponse.json" />
    <File Path="resources/message/DescribeClientQuotasRequest.json" />
    <File Path="resources/message/DescribeClientQuotasResponse.json" />
    <File Path="resources/message/DescribeClusterRequest.json" />
    <File Path="resources/message/DescribeClusterResponse.json" />
    <File Path="resources/message/DescribeConfigsRequest.json" />
    <File Path="resources/message/DescribeConfigsResponse.json" />
    <File Path="resources/message/DescribeDelegationTokenRequest.json" />
    <File Path="resources/message/DescribeDelegationTokenResponse.json" />
    <File Path="resources/message/DescribeGroupsRequest.json" />
    <File Path="resources/message/DescribeGroupsResponse.json" />
    <File Path="resources/message/DescribeLogDirsRequest.json" />
    <File Path="resources/message/DescribeLogDirsResponse.json" />
    <File Path="resources/message/DescribeProducersRequest.json" />
    <File Path="resources/message/DescribeProducersResponse.json" />
    <File Path="resources/message/DescribeQuorumRequest.json" />
    <File Path="resources/message/DescribeQuorumResponse.json" />
    <File Path="resources/message/DescribeTransactionsRequest.json" />
    <File Path="resources/message/DescribeTransactionsResponse.json" />
    <File Path="resources/message/DescribeUserScramCredentialsRequest.json" />
    <File Path="resources/message/DescribeUserScramCredentialsResponse.json" />
    <File Path="resources/message/ElectLeadersRequest.json" />
    <File Path="resources/message/ElectLeadersResponse.json" />
    <File Path="resources/message/EndQuorumEpochRequest.json" />
    <File Path="resources/message/EndQuorumEpochResponse.json" />
    <File Path="resources/message/EndTxnRequest.json" />
    <File Path="resources/message/EndTxnResponse.json" />
    <File Path="resources/message/EnvelopeRequest.json" />
    <File Path="resources/message/EnvelopeResponse.json" />
    <File Path="resources/message/ExpireDelegationTokenRequest.json" />
    <File Path="resources/message/ExpireDelegationTokenResponse.json" />
    <File Path="resources/message/FetchRequest.json" />
    <File Path="resources/message/FetchResponse.json" />
    <File Path="resources/message/FetchSnapshotRequest.json" />
    <File Path="resources/message/FetchSnapshotResponse.json" />
    <File Path="resources/message/FindCoordinatorRequest.json" />
    <File Path="resources/message/FindCoordinatorResponse.json" />
    <File Path="resources/message/HeartbeatRequest.json" />
    <File Path="resources/message/HeartbeatResponse.json" />
    <File Path="resources/message/IncrementalAlterConfigsRequest.json" />
    <File Path="resources/message/IncrementalAlterConfigsResponse.json" />
    <File Path="resources/message/InitProducerIdRequest.json" />
    <File Path="resources/message/InitProducerIdResponse.json" />
    <File Path="resources/message/JoinGroupRequest.json" />
    <File Path="resources/message/JoinGroupResponse.json" />
    <File Path="resources/message/LeaderAndIsrRequest.json" />
    <File Path="resources/message/LeaderAndIsrResponse.json" />
    <File Path="resources/message/LeaderChangeMessage.json" />
    <File Path="resources/message/LeaveGroupRequest.json" />
    <File Path="resources/message/LeaveGroupResponse.json" />
    <File Path="resources/message/ListGroupsRequest.json" />
    <File Path="resources/message/ListGroupsResponse.json" />
    <File Path="resources/message/ListOffsetsRequest.json" />
    <File Path="resources/message/ListOffsetsResponse.json" />
    <File Path="resources/message/ListPartitionReassignmentsRequest.json" />
    <File Path="resources/message/ListPartitionReassignmentsResponse.json" />
    <File Path="resources/message/ListTransactionsRequest.json" />
    <File Path="resources/message/ListTransactionsResponse.json" />
    <File Path="resources/message/MetadataRequest.json" />
    <File Path="resources/message/MetadataResponse.json" />
    <File Path="resources/message/OffsetCommitRequest.json" />
    <File Path="resources/message/OffsetCommitResponse.json" />
    <File Path="resources/message/OffsetDeleteRequest.json" />
    <File Path="resources/message/OffsetDeleteResponse.json" />
    <File Path="resources/message/OffsetFetchRequest.json" />
    <File Path="resources/message/OffsetFetchResponse.json" />
    <File Path="resources/message/OffsetForLeaderEpochRequest.json" />
    <File Path="resources/message/OffsetForLeaderEpochResponse.json" />
    <File Path="resources/message/ProduceRequest.json" />
    <File Path="resources/message/ProduceResponse.json" />
    <File Path="resources/message/RenewDelegationTokenRequest.json" />
    <File Path="resources/message/RenewDelegationTokenResponse.json" />
    <File Path="resources/message/RequestHeader.json" />
    <File Path="resources/message/ResponseHeader.json" />
    <File Path="resources/message/SaslAuthenticateRequest.json" />
    <File Path="resources/message/SaslAuthenticateResponse.json" />
    <File Path="resources/message/SaslHandshakeRequest.json" />
    <File Path="resources/message/SaslHandshakeResponse.json" />
    <File Path="resources/message/SnapshotFooterRecord.json" />
    <File Path="resources/message/SnapshotHeaderRecord.json" />
    <File Path="resources/message/StopReplicaRequest.json" />
    <File Path="resources/message/StopReplicaResponse.json" />
    <File Path="resources/message/SyncGroupRequest.json" />
    <File Path="resources/message/SyncGroupResponse.json" />
    <File Path="resources/message/TxnOffsetCommitRequest.json" />
    <File Path="resources/message/TxnOffsetCommitResponse.json" />
    <File Path="resources/message/UnregisterBrokerRequest.json" />
    <File Path="resources/message/UnregisterBrokerResponse.json" />
    <File Path="resources/message/UpdateFeaturesRequest.json" />
    <File Path="resources/message/UpdateFeaturesResponse.json" />
    <File Path="resources/message/UpdateMetadataRequest.json" />
    <File Path="resources/message/UpdateMetadataResponse.json" />
    <File Path="resources/message/VoteRequest.json" />
    <File Path="resources/message/VoteResponse.json" />
    <File Path="resources/message/WriteTxnMarkersRequest.json" />
    <File Path="resources/message/WriteTxnMarkersResponse.json" />
  </Folder>
  <Folder Name="/samples/">
    <Project Path="samples/NKafka.Samples.Confluent/NKafka.Samples.Confluent.csproj" />
    <Project Path="samples/NKafka.Samples/NKafka.Samples.csproj" />
  </Folder>
  <Folder Name="/spec/">
    <File Path="spec/code-gaps.md" />
    <File Path="spec/code-map.md" />
    <File Path="spec/consumer-rebalance-notes-ozontech-2025-05.md" />
    <File Path="spec/index.md" />
    <File Path="spec/protocol-api-addition-plan.md" />
    <File Path="spec/protocol-interaction.md" />
    <File Path="spec/protocol-minimal-client-api-matrix.md" />
    <File Path="spec/technical-requirements.md" />
  </Folder>
  <Folder Name="/spec/KIP/">
    <File Path="spec/KIP/client-side-kips.md" />
    <File Path="spec/KIP/client-side-kips-table.md" />
  </Folder>
  <Folder Name="/src/">
    <Project Path="src/NKafka.MessageGenerator/NKafka.MessageGenerator.csproj" />
    <Project Path="src/NKafka/NKafka.csproj" />
  </Folder>
  <Folder Name="/tests/">
    <File Path="tests/Directory.Build.props" />
    <Project Path="tests/NKafka.IntegrationTests/NKafka.IntegrationTests.csproj" />
    <Project Path="tests/NKafka.MessageGenerator.Tests/NKafka.MessageGenerator.Tests.csproj" />
    <Project Path="tests/NKafka.Tests/NKafka.Tests.csproj" />
  </Folder>
  <Folder Name="/tools/">
    <Project Path="tools/DockerBrokersGenerator/DockerBrokersGenerator.csproj" />
    <Project Path="tools/Generator/Generator.csproj" />
  </Folder>
</Solution>
